github.com/rodericusifo/GolangPZN/go-say-hello v0.0.0-20220825103029-a6b3ab915bc5 h1:7+O5yMVivm5GlEMFYY/eazgZ3PGhM2Lgz5A+xOiWcUM=
github.com/rodericusifo/GolangPZN/go-say-hello v0.0.0-20220825103029-a6b3ab915bc5/go.mod h1:+Rwp/98iWJ7Z4hY2RErpixdXfB0dXN3nymZWTvbnZwo=
github.com/rodericusifo/GolangPZN/go-say-hello v0.0.0-20220825104948-8df314f53660 h1:nlzI6T/Tdz5ZMN0zykyRz1stpxp5w+p8zFTTeuGYmb0=
github.com/rodericusifo/GolangPZN/go-say-hello v0.0.0-20220825104948-8df314f53660/go.mod h1:+Rwp/98iWJ7Z4hY2RErpixdXfB0dXN3nymZWTvbnZwo=
